// !$*UTF8*$!
{
	archiveVersion = 1;
	classes = {
	};
	objectVersion = 56;
	objects = {

/* Begin PBXBuildFile section */
		2A2C38192AF8FC810008DFD8 /* SwiftFormat in Frameworks */ = {isa = PBXBuildFile; productRef = 2A2C38182AF8FC810008DFD8 /* SwiftFormat */; };
		2A5A63072AF8E5200081D404 /* Assets.xcassets in Resources */ = {isa = PBXBuildFile; fileRef = 2A5A63062AF8E5200081D404 /* Assets.xcassets */; };
		2A5A630A2AF8E5200081D404 /* Preview Assets.xcassets in Resources */ = {isa = PBXBuildFile; fileRef = 2A5A63092AF8E5200081D404 /* Preview Assets.xcassets */; };
		E818707B71FA2790C6CA1DF5 /* MainApp.swift in Sources */ = {isa = PBXBuildFile; fileRef = E818795C6F2644617D500188 /* MainApp.swift */; };
		E81871D638B41A8FAD96006B /* AssetsListViewModel.swift in Sources */ = {isa = PBXBuildFile; fileRef = E81870290634DE22FE3E54F5 /* AssetsListViewModel.swift */; };
		E818784EE5AA4402FE6013EA /* AssetsListView.swift in Sources */ = {isa = PBXBuildFile; fileRef = E81874A1DF772D8F82D3FA1D /* AssetsListView.swift */; };
		E8187A65FA844C6781510407 /* AssetsListViewState.swift in Sources */ = {isa = PBXBuildFile; fileRef = E818720B8BE8D8F6E7EE2E8E /* AssetsListViewState.swift */; };
		E8187E13D1599018FADA2E65 /* ContentView.swift in Sources */ = {isa = PBXBuildFile; fileRef = E8187FFFD11BC6BD7AAF54D5 /* ContentView.swift */; };
/* End PBXBuildFile section */

/* Begin PBXFileReference section */
		2A5A62FF2AF8E51E0081D404 /* AssetsBundlePOC.app */ = {isa = PBXFileReference; explicitFileType = wrapper.application; includeInIndex = 0; path = AssetsBundlePOC.app; sourceTree = BUILT_PRODUCTS_DIR; };
		2A5A63062AF8E5200081D404 /* Assets.xcassets */ = {isa = PBXFileReference; lastKnownFileType = folder.assetcatalog; path = Assets.xcassets; sourceTree = "<group>"; };
		2A5A63092AF8E5200081D404 /* Preview Assets.xcassets */ = {isa = PBXFileReference; lastKnownFileType = folder.assetcatalog; path = "Preview Assets.xcassets"; sourceTree = "<group>"; };
		E81870290634DE22FE3E54F5 /* AssetsListViewModel.swift */ = {isa = PBXFileReference; fileEncoding = 4; lastKnownFileType = sourcecode.swift; path = AssetsListViewModel.swift; sourceTree = "<group>"; };
		E818720B8BE8D8F6E7EE2E8E /* AssetsListViewState.swift */ = {isa = PBXFileReference; fileEncoding = 4; lastKnownFileType = sourcecode.swift; path = AssetsListViewState.swift; sourceTree = "<group>"; };
		E81874A1DF772D8F82D3FA1D /* AssetsListView.swift */ = {isa = PBXFileReference; fileEncoding = 4; lastKnownFileType = sourcecode.swift; path = AssetsListView.swift; sourceTree = "<group>"; };
		E818795C6F2644617D500188 /* MainApp.swift */ = {isa = PBXFileReference; fileEncoding = 4; lastKnownFileType = sourcecode.swift; path = MainApp.swift; sourceTree = "<group>"; };
		E8187FFFD11BC6BD7AAF54D5 /* ContentView.swift */ = {isa = PBXFileReference; fileEncoding = 4; lastKnownFileType = sourcecode.swift; path = ContentView.swift; sourceTree = "<group>"; };
/* End PBXFileReference section */

/* Begin PBXFrameworksBuildPhase section */
		2A5A62FC2AF8E51E0081D404 /* Frameworks */ = {
			isa = PBXFrameworksBuildPhase;
			buildActionMask = 2147483647;
			files = (
				2A2C38192AF8FC810008DFD8 /* SwiftFormat in Frameworks */,
			);
			runOnlyForDeploymentPostprocessing = 0;
		};
/* End PBXFrameworksBuildPhase section */

/* Begin PBXGroup section */
		2A2C38172AF8FC810008DFD8 /* Frameworks */ = {
			isa = PBXGroup;
			children = (
			);
			name = Frameworks;
			sourceTree = "<group>";
		};
		2A5A62F62AF8E51E0081D404 = {
			isa = PBXGroup;
			children = (
				2A5A63012AF8E51E0081D404 /* Assets Bundling POC */,
				2A5A63002AF8E51E0081D404 /* Products */,
				2A2C38172AF8FC810008DFD8 /* Frameworks */,
			);
			sourceTree = "<group>";
		};
		2A5A63002AF8E51E0081D404 /* Products */ = {
			isa = PBXGroup;
			children = (
				2A5A62FF2AF8E51E0081D404 /* AssetsBundlePOC.app */,
			);
			name = Products;
			sourceTree = "<group>";
		};
		2A5A63012AF8E51E0081D404 /* Assets Bundling POC */ = {
			isa = PBXGroup;
			children = (
				2A5A63062AF8E5200081D404 /* Assets.xcassets */,
				2A5A63082AF8E5200081D404 /* Preview Content */,
				E81871C437A9B20E78B9D632 /* Code */,
			);
			path = "Assets Bundling POC";
			sourceTree = "<group>";
		};
		2A5A63082AF8E5200081D404 /* Preview Content */ = {
			isa = PBXGroup;
			children = (
				2A5A63092AF8E5200081D404 /* Preview Assets.xcassets */,
			);
			path = "Preview Content";
			sourceTree = "<group>";
		};
		E81871C437A9B20E78B9D632 /* Code */ = {
			isa = PBXGroup;
			children = (
				E81874B96B16C9C4E2F8C456 /* Assets List */,
				E8187FFFD11BC6BD7AAF54D5 /* ContentView.swift */,
				E818795C6F2644617D500188 /* MainApp.swift */,
			);
			path = Code;
			sourceTree = "<group>";
		};
		E81874B96B16C9C4E2F8C456 /* Assets List */ = {
			isa = PBXGroup;
			children = (
				E81874A1DF772D8F82D3FA1D /* AssetsListView.swift */,
				E81870290634DE22FE3E54F5 /* AssetsListViewModel.swift */,
				E818720B8BE8D8F6E7EE2E8E /* AssetsListViewState.swift */,
			);
			path = "Assets List";
			sourceTree = "<group>";
		};
/* End PBXGroup section */

/* Begin PBXNativeTarget section */
		2A5A62FE2AF8E51E0081D404 /* Assets Bundling POC */ = {
			isa = PBXNativeTarget;
			buildConfigurationList = 2A5A630D2AF8E5200081D404 /* Build configuration list for PBXNativeTarget "Assets Bundling POC" */;
			buildPhases = (
				2A5A62FB2AF8E51E0081D404 /* Sources */,
				2A5A62FC2AF8E51E0081D404 /* Frameworks */,
				2A5A62FD2AF8E51E0081D404 /* Resources */,
			);
			buildRules = (
			);
			dependencies = (
			);
			name = "Assets Bundling POC";
			packageProductDependencies = (
				2A2C38182AF8FC810008DFD8 /* SwiftFormat */,
			);
			productName = "Assets Bundling POC";
			productReference = 2A5A62FF2AF8E51E0081D404 /* AssetsBundlePOC.app */;
			productType = "com.apple.product-type.application";
		};
/* End PBXNativeTarget section */

/* Begin PBXProject section */
		2A5A62F72AF8E51E0081D404 /* Project object */ = {
			isa = PBXProject;
			attributes = {
				BuildIndependentTargetsInParallel = 1;
				LastSwiftUpdateCheck = 1500;
				LastUpgradeCheck = 1500;
				TargetAttributes = {
					2A5A62FE2AF8E51E0081D404 = {
						CreatedOnToolsVersion = 15.0;
					};
				};
			};
			buildConfigurationList = 2A5A62FA2AF8E51E0081D404 /* Build configuration list for PBXProject "Assets Bundling POC" */;
			compatibilityVersion = "Xcode 14.0";
			developmentRegion = en;
			hasScannedForEncodings = 0;
			knownRegions = (
				en,
				Base,
			);
			mainGroup = 2A5A62F62AF8E51E0081D404;
			packageReferences = (
				2A5A63102AF8E6970081D404 /* XCRemoteSwiftPackageReference "SwiftFormat" */,
			);
			productRefGroup = 2A5A63002AF8E51E0081D404 /* Products */;
			projectDirPath = "";
			projectRoot = "";
			targets = (
				2A5A62FE2AF8E51E0081D404 /* Assets Bundling POC */,
			);
		};
/* End PBXProject section */

/* Begin PBXResourcesBuildPhase section */
		2A5A62FD2AF8E51E0081D404 /* Resources */ = {
			isa = PBXResourcesBuildPhase;
			buildActionMask = 2147483647;
			files = (
				2A5A630A2AF8E5200081D404 /* Preview Assets.xcassets in Resources */,
				2A5A63072AF8E5200081D404 /* Assets.xcassets in Resources */,
			);
			runOnlyForDeploymentPostprocessing = 0;
		};
/* End PBXResourcesBuildPhase section */

/* Begin PBXSourcesBuildPhase section */
		2A5A62FB2AF8E51E0081D404 /* Sources */ = {
			isa = PBXSourcesBuildPhase;
			buildActionMask = 2147483647;
			files = (
				E8187E13D1599018FADA2E65 /* ContentView.swift in Sources */,
				E818707B71FA2790C6CA1DF5 /* MainApp.swift in Sources */,
				E818784EE5AA4402FE6013EA /* AssetsListView.swift in Sources */,
				E81871D638B41A8FAD96006B /* AssetsListViewModel.swift in Sources */,
				E8187A65FA844C6781510407 /* AssetsListViewState.swift in Sources */,
			);
			runOnlyForDeploymentPostprocessing = 0;
		};
/* End PBXSourcesBuildPhase section */

/* Begin XCBuildConfiguration section */
		2A5A630B2AF8E5200081D404 /* Debug */ = {
			isa = XCBuildConfiguration;
			buildSettings = {
				ALWAYS_SEARCH_USER_PATHS = NO;
				ASSETCATALOG_COMPILER_GENERATE_SWIFT_ASSET_SYMBOL_EXTENSIONS = YES;
				CLANG_ANALYZER_NONNULL = YES;
				CLANG_ANALYZER_NUMBER_OBJECT_CONVERSION = YES_AGGRESSIVE;
				CLANG_CXX_LANGUAGE_STANDARD = "gnu++20";
				CLANG_ENABLE_MODULES = YES;
				CLANG_ENABLE_OBJC_ARC = YES;
				CLANG_ENABLE_OBJC_WEAK = YES;
				CLANG_WARN_BLOCK_CAPTURE_AUTORELEASING = YES;
				CLANG_WARN_BOOL_CONVERSION = YES;
				CLANG_WARN_COMMA = YES;
				CLANG_WARN_CONSTANT_CONVERSION = YES;
				CLANG_WARN_DEPRECATED_OBJC_IMPLEMENTATIONS = YES;
				CLANG_WARN_DIRECT_OBJC_ISA_USAGE = YES_ERROR;
				CLANG_WARN_DOCUMENTATION_COMMENTS = YES;
				CLANG_WARN_EMPTY_BODY = YES;
				CLANG_WARN_ENUM_CONVERSION = YES;
				CLANG_WARN_INFINITE_RECURSION = YES;
				CLANG_WARN_INT_CONVERSION = YES;
				CLANG_WARN_NON_LITERAL_NULL_CONVERSION = YES;
				CLANG_WARN_OBJC_IMPLICIT_RETAIN_SELF = YES;
				CLANG_WARN_OBJC_LITERAL_CONVERSION = YES;
				CLANG_WARN_OBJC_ROOT_CLASS = YES_ERROR;
				CLANG_WARN_QUOTED_INCLUDE_IN_FRAMEWORK_HEADER = YES;
				CLANG_WARN_RANGE_LOOP_ANALYSIS = YES;
				CLANG_WARN_STRICT_PROTOTYPES = YES;
				CLANG_WARN_SUSPICIOUS_MOVE = YES;
				CLANG_WARN_UNGUARDED_AVAILABILITY = YES_AGGRESSIVE;
				CLANG_WARN_UNREACHABLE_CODE = YES;
				CLANG_WARN__DUPLICATE_METHOD_MATCH = YES;
				COPY_PHASE_STRIP = NO;
				DEBUG_INFORMATION_FORMAT = dwarf;
				ENABLE_STRICT_OBJC_MSGSEND = YES;
				ENABLE_TESTABILITY = YES;
				ENABLE_USER_SCRIPT_SANDBOXING = YES;
				GCC_C_LANGUAGE_STANDARD = gnu17;
				GCC_DYNAMIC_NO_PIC = NO;
				GCC_NO_COMMON_BLOCKS = YES;
				GCC_OPTIMIZATION_LEVEL = 0;
				GCC_PREPROCESSOR_DEFINITIONS = (
					"DEBUG=1",
					"$(inherited)",
				);
				GCC_WARN_64_TO_32_BIT_CONVERSION = YES;
				GCC_WARN_ABOUT_RETURN_TYPE = YES_ERROR;
				GCC_WARN_UNDECLARED_SELECTOR = YES;
				GCC_WARN_UNINITIALIZED_AUTOS = YES_AGGRESSIVE;
				GCC_WARN_UNUSED_FUNCTION = YES;
				GCC_WARN_UNUSED_VARIABLE = YES;
				IPHONEOS_DEPLOYMENT_TARGET = 17.0;
				LOCALIZATION_PREFERS_STRING_CATALOGS = YES;
				MTL_ENABLE_DEBUG_INFO = INCLUDE_SOURCE;
				MTL_FAST_MATH = YES;
				ONLY_ACTIVE_ARCH = YES;
				SDKROOT = iphoneos;
				SWIFT_ACTIVE_COMPILATION_CONDITIONS = "DEBUG $(inherited)";
				SWIFT_OPTIMIZATION_LEVEL = "-Onone";
			};
			name = Debug;
		};
		2A5A630C2AF8E5200081D404 /* Release */ = {
			isa = XCBuildConfiguration;
			buildSettings = {
				ALWAYS_SEARCH_USER_PATHS = NO;
				ASSETCATALOG_COMPILER_GENERATE_SWIFT_ASSET_SYMBOL_EXTENSIONS = YES;
				CLANG_ANALYZER_NONNULL = YES;
				CLANG_ANALYZER_NUMBER_OBJECT_CONVERSION = YES_AGGRESSIVE;
				CLANG_CXX_LANGUAGE_STANDARD = "gnu++20";
				CLANG_ENABLE_MODULES = YES;
				CLANG_ENABLE_OBJC_ARC = YES;
				CLANG_ENABLE_OBJC_WEAK = YES;
				CLANG_WARN_BLOCK_CAPTURE_AUTORELEASING = YES;
				CLANG_WARN_BOOL_CONVERSION = YES;
				CLANG_WARN_COMMA = YES;
				CLANG_WARN_CONSTANT_CONVERSION = YES;
				CLANG_WARN_DEPRECATED_OBJC_IMPLEMENTATIONS = YES;
				CLANG_WARN_DIRECT_OBJC_ISA_USAGE = YES_ERROR;
				CLANG_WARN_DOCUMENTATION_COMMENTS = YES;
				CLANG_WARN_EMPTY_BODY = YES;
				CLANG_WARN_ENUM_CONVERSION = YES;
				CLANG_WARN_INFINITE_RECURSION = YES;
				CLANG_WARN_INT_CONVERSION = YES;
				CLANG_WARN_NON_LITERAL_NULL_CONVERSION = YES;
				CLANG_WARN_OBJC_IMPLICIT_RETAIN_SELF = YES;
				CLANG_WARN_OBJC_LITERAL_CONVERSION = YES;
				CLANG_WARN_OBJC_ROOT_CLASS = YES_ERROR;
				CLANG_WARN_QUOTED_INCLUDE_IN_FRAMEWORK_HEADER = YES;
				CLANG_WARN_RANGE_LOOP_ANALYSIS = YES;
				CLANG_WARN_STRICT_PROTOTYPES = YES;
				CLANG_WARN_SUSPICIOUS_MOVE = YES;
				CLANG_WARN_UNGUARDED_AVAILABILITY = YES_AGGRESSIVE;
				CLANG_WARN_UNREACHABLE_CODE = YES;
				CLANG_WARN__DUPLICATE_METHOD_MATCH = YES;
				COPY_PHASE_STRIP = NO;
				DEBUG_INFORMATION_FORMAT = "dwarf-with-dsym";
				ENABLE_NS_ASSERTIONS = NO;
				ENABLE_STRICT_OBJC_MSGSEND = YES;
				ENABLE_USER_SCRIPT_SANDBOXING = YES;
				GCC_C_LANGUAGE_STANDARD = gnu17;
				GCC_NO_COMMON_BLOCKS = YES;
				GCC_WARN_64_TO_32_BIT_CONVERSION = YES;
				GCC_WARN_ABOUT_RETURN_TYPE = YES_ERROR;
				GCC_WARN_UNDECLARED_SELECTOR = YES;
				GCC_WARN_UNINITIALIZED_AUTOS = YES_AGGRESSIVE;
				GCC_WARN_UNUSED_FUNCTION = YES;
				GCC_WARN_UNUSED_VARIABLE = YES;
				IPHONEOS_DEPLOYMENT_TARGET = 17.0;
				LOCALIZATION_PREFERS_STRING_CATALOGS = YES;
				MTL_ENABLE_DEBUG_INFO = NO;
				MTL_FAST_MATH = YES;
				SDKROOT = iphoneos;
				SWIFT_COMPILATION_MODE = wholemodule;
				VALIDATE_PRODUCT = YES;
			};
			name = Release;
		};
		2A5A630E2AF8E5200081D404 /* Debug */ = {
			isa = XCBuildConfiguration;
			buildSettings = {
				ASSETCATALOG_COMPILER_APPICON_NAME = AppIcon;
				ASSETCATALOG_COMPILER_GLOBAL_ACCENT_COLOR_NAME = AccentColor;
				CODE_SIGN_STYLE = Automatic;
				CURRENT_PROJECT_VERSION = 1;
				DEVELOPMENT_ASSET_PATHS = "\"Assets Bundling POC/Preview Content\"";
				DEVELOPMENT_TEAM = 663KXV4GKQ;
				ENABLE_PREVIEWS = YES;
				GENERATE_INFOPLIST_FILE = YES;
				INFOPLIST_KEY_UIApplicationSceneManifest_Generation = YES;
				INFOPLIST_KEY_UIApplicationSupportsIndirectInputEvents = YES;
				INFOPLIST_KEY_UILaunchScreen_Generation = YES;
				INFOPLIST_KEY_UISupportedInterfaceOrientations = UIInterfaceOrientationPortrait;
				INFOPLIST_KEY_UISupportedInterfaceOrientations_iPad = "UIInterfaceOrientationLandscapeLeft UIInterfaceOrientationLandscapeRight UIInterfaceOrientationPortrait UIInterfaceOrientationPortraitUpsideDown";
				LD_RUNPATH_SEARCH_PATHS = (
					"$(inherited)",
					"@executable_path/Frameworks",
				);
				MARKETING_VERSION = 1.0;
				PRODUCT_BUNDLE_IDENTIFIER = "com.whitehatgaming.Assets-Bundling-POC";
				PRODUCT_NAME = AssetsBundlePOC;
				SUPPORTED_PLATFORMS = "iphoneos iphonesimulator";
				SUPPORTS_MACCATALYST = NO;
				SUPPORTS_MAC_DESIGNED_FOR_IPHONE_IPAD = NO;
				SWIFT_EMIT_LOC_STRINGS = YES;
				SWIFT_VERSION = 5.0;
				TARGETED_DEVICE_FAMILY = 1;
			};
			name = Debug;
		};
		2A5A630F2AF8E5200081D404 /* Release */ = {
			isa = XCBuildConfiguration;
			buildSettings = {
				ASSETCATALOG_COMPILER_APPICON_NAME = AppIcon;
				ASSETCATALOG_COMPILER_GLOBAL_ACCENT_COLOR_NAME = AccentColor;
				CODE_SIGN_STYLE = Automatic;
				CURRENT_PROJECT_VERSION = 1;
				DEVELOPMENT_ASSET_PATHS = "\"Assets Bundling POC/Preview Content\"";
				DEVELOPMENT_TEAM = 663KXV4GKQ;
				ENABLE_PREVIEWS = YES;
				GENERATE_INFOPLIST_FILE = YES;
				INFOPLIST_KEY_UIApplicationSceneManifest_Generation = YES;
				INFOPLIST_KEY_UIApplicationSupportsIndirectInputEvents = YES;
				INFOPLIST_KEY_UILaunchScreen_Generation = YES;
				INFOPLIST_KEY_UISupportedInterfaceOrientations = UIInterfaceOrientationPortrait;
				INFOPLIST_KEY_UISupportedInterfaceOrientations_iPad = "UIInterfaceOrientationLandscapeLeft UIInterfaceOrientationLandscapeRight UIInterfaceOrientationPortrait UIInterfaceOrientationPortraitUpsideDown";
				LD_RUNPATH_SEARCH_PATHS = (
					"$(inherited)",
					"@executable_path/Frameworks",
				);
				MARKETING_VERSION = 1.0;
				PRODUCT_BUNDLE_IDENTIFIER = "com.whitehatgaming.Assets-Bundling-POC";
				PRODUCT_NAME = AssetsBundlePOC;
				SUPPORTED_PLATFORMS = "iphoneos iphonesimulator";
				SUPPORTS_MACCATALYST = NO;
				SUPPORTS_MAC_DESIGNED_FOR_IPHONE_IPAD = NO;
				SWIFT_EMIT_LOC_STRINGS = YES;
				SWIFT_VERSION = 5.0;
				TARGETED_DEVICE_FAMILY = 1;
			};
			name = Release;
		};
/* End XCBuildConfiguration section */

/* Begin XCConfigurationList section */
		2A5A62FA2AF8E51E0081D404 /* Build configuration list for PBXProject "Assets Bundling POC" */ = {
			isa = XCConfigurationList;
			buildConfigurations = (
				2A5A630B2AF8E5200081D404 /* Debug */,
				2A5A630C2AF8E5200081D404 /* Release */,
			);
			defaultConfigurationIsVisible = 0;
			defaultConfigurationName = Release;
		};
		2A5A630D2AF8E5200081D404 /* Build configuration list for PBXNativeTarget "Assets Bundling POC" */ = {
			isa = XCConfigurationList;
			buildConfigurations = (
				2A5A630E2AF8E5200081D404 /* Debug */,
				2A5A630F2AF8E5200081D404 /* Release */,
			);
			defaultConfigurationIsVisible = 0;
			defaultConfigurationName = Release;
		};
/* End XCConfigurationList section */

/* Begin XCRemoteSwiftPackageReference section */
		2A5A63102AF8E6970081D404 /* XCRemoteSwiftPackageReference "SwiftFormat" */ = {
			isa = XCRemoteSwiftPackageReference;
			repositoryURL = "https://github.com/nicklockwood/SwiftFormat";
			requirement = {
				kind = upToNextMajorVersion;
				minimumVersion = 0.52.8;
			};
		};
/* End XCRemoteSwiftPackageReference section */

/* Begin XCSwiftPackageProductDependency section */
		2A2C38182AF8FC810008DFD8 /* SwiftFormat */ = {
			isa = XCSwiftPackageProductDependency;
			package = 2A5A63102AF8E6970081D404 /* XCRemoteSwiftPackageReference "SwiftFormat" */;
			productName = SwiftFormat;
		};
/* End XCSwiftPackageProductDependency section */
	};
	rootObject = 2A5A62F72AF8E51E0081D404 /* Project object */;
}
