{
  "pins" : [
    {
      "identity" : "ng-ios-network-module",
      "kind" : "remoteSourceControl",
      "location" : "https://github.com/netguru/ng-ios-network-module.git",
      "state" : {
        "revision" : "ac81a63daecdde6df3efcdf935ac738d32876606",
        "version" : "1.0.4"
      }
    },
    {
      "identity" : "swiftformat",
      "kind" : "remoteSourceControl",
      "location" : "https://github.com/nicklockwood/SwiftFormat",
      "state" : {
        "revision" : "4c8386a35e6a287387da041794b71b85d0858760",
        "version" : "0.52.8"
      }
    },
    {
      "identity" : "zipfoundation",
      "kind" : "remoteSourceControl",
      "location" : "https://github.com/weichsel/ZIPFoundation",
      "state" : {
        "revision" : "a3f5c2bae0f04b0bce9ef3c4ba6bd1031a0564c4",
        "version" : "0.9.17"
      }
    }
  ],
  "version" : 2
}
